
Microsoft Visual Studio Solution File, Format Version 12.00
# Visual Studio Version 17
VisualStudioVersion = 17.4.33205.214
MinimumVisualStudioVersion = 10.0.40219.1
Project("{FAE04EC0-301F-11D3-BF4B-00C04F79EFBC}") = "AutoBackup", "AutoBackup\AutoBackup.csproj", "{7001A966-6425-4D3C-81A9-4F1CF9EBA109}"
EndProject
Project("{54435603-DBB4-11D2-8724-00A0C9A8B90C}") = "AutoBackupInstaller", "AutoBackupInstaller\AutoBackupInstaller.vdproj", "{65B6C46D-322D-4282-92B6-60F735197CDC}"
EndProject
Global
	GlobalSection(SolutionConfigurationPlatforms) = preSolution
		Debug|Any CPU = Debug|Any CPU
		Release|Any CPU = Release|Any CPU
	EndGlobalSection
	GlobalSection(ProjectConfigurationPlatforms) = postSolution
		{7001A966-6425-4D3C-81A9-4F1CF9EBA109}.Debug|Any CPU.ActiveCfg = Debug|Any CPU
		{7001A966-6425-4D3C-81A9-4F1CF9EBA109}.Debug|Any CPU.Build.0 = Debug|Any CPU
		{7001A966-6425-4D3C-81A9-4F1CF9EBA109}.Release|Any CPU.ActiveCfg = Release|Any CPU
		{7001A966-6425-4D3C-81A9-4F1CF9EBA109}.Release|Any CPU.Build.0 = Release|Any CPU
		{65B6C46D-322D-4282-92B6-60F735197CDC}.Debug|Any CPU.ActiveCfg = Debug
		{65B6C46D-322D-4282-92B6-60F735197CDC}.Release|Any CPU.ActiveCfg = Release
	EndGlobalSection
	GlobalSection(SolutionProperties) = preSolution
		HideSolutionNode = FALSE
	EndGlobalSection
	GlobalSection(ExtensibilityGlobals) = postSolution
		SolutionGuid = {F73C64E1-E362-46BD-B5E8-066761FA30EE}
	EndGlobalSection
EndGlobal
